
Microsoft Visual Studio Solution File, Format Version 12.00
# Visual Studio 2013
VisualStudioVersion = 12.0.31101.0
MinimumVisualStudioVersion = 10.0.40219.1
Project("{FAE04EC0-301F-11D3-BF4B-00C04F79EFBC}") = "AngularForms", "AngularForms\AngularForms.csproj", "{B394FE49-5251-4A30-AE19-431455410044}"
EndProject
Project("{2150E333-8FDC-42A3-9474-1A3956D46DE8}") = "PublishScripts", "PublishScripts", "{9FBBE55C-C9DE-4C6E-890E-578CE6524AC8}"
	ProjectSection(SolutionItems) = preProject
		PublishScripts\AzureWebsitePublishModule.psm1 = PublishScripts\AzureWebsitePublishModule.psm1
		PublishScripts\Publish-WebApplicationWebsite.ps1 = PublishScripts\Publish-WebApplicationWebsite.ps1
	EndProjectSection
EndProject
Project("{2150E333-8FDC-42A3-9474-1A3956D46DE8}") = "Configurations", "Configurations", "{628882E4-1885-4A1C-A42D-F318826E0E36}"
	ProjectSection(SolutionItems) = preProject
		PublishScripts\Configurations\AngularForms-WAWS-dev.json = PublishScripts\Configurations\AngularForms-WAWS-dev.json
	EndProjectSection
EndProject
Project("{2150E333-8FDC-42A3-9474-1A3956D46DE8}") = ".nuget", ".nuget", "{0E7E4D2E-249A-4546-BDC8-7E98E8763E86}"
	ProjectSection(SolutionItems) = preProject
		.nuget\packages.config = .nuget\packages.config
	EndProjectSection
EndProject
Global
	GlobalSection(SolutionConfigurationPlatforms) = preSolution
		Debug|Any CPU = Debug|Any CPU
		Release|Any CPU = Release|Any CPU
	EndGlobalSection
	GlobalSection(ProjectConfigurationPlatforms) = postSolution
		{B394FE49-5251-4A30-AE19-431455410044}.Debug|Any CPU.ActiveCfg = Debug|Any CPU
		{B394FE49-5251-4A30-AE19-431455410044}.Debug|Any CPU.Build.0 = Debug|Any CPU
		{B394FE49-5251-4A30-AE19-431455410044}.Release|Any CPU.ActiveCfg = Release|Any CPU
		{B394FE49-5251-4A30-AE19-431455410044}.Release|Any CPU.Build.0 = Release|Any CPU
	EndGlobalSection
	GlobalSection(SolutionProperties) = preSolution
		HideSolutionNode = FALSE
	EndGlobalSection
	GlobalSection(NestedProjects) = preSolution
		{628882E4-1885-4A1C-A42D-F318826E0E36} = {9FBBE55C-C9DE-4C6E-890E-578CE6524AC8}
	EndGlobalSection
EndGlobal
